
Microsoft Visual Studio Solution File, Format Version 12.00
# Visual Studio Version 17
VisualStudioVersion = 17.4.33205.214
MinimumVisualStudioVersion = 10.0.40219.1
Project("{9A19103F-16F7-4668-BE54-9A1E7A4F7556}") = "FPTBooksStore", "SportsStore\FPTBooksStore.csproj", "{45889379-449F-46D7-9C5B-38FF26E9E357}"
EndProject
Global
	GlobalSection(SolutionConfigurationPlatforms) = preSolution
		Debug|Any CPU = Debug|Any CPU
		Release|Any CPU = Release|Any CPU
	EndGlobalSection
	GlobalSection(ProjectConfigurationPlatforms) = postSolution
		{45889379-449F-46D7-9C5B-38FF26E9E357}.Debug|Any CPU.ActiveCfg = Debug|Any CPU
		{45889379-449F-46D7-9C5B-38FF26E9E357}.Debug|Any CPU.Build.0 = Debug|Any CPU
		{45889379-449F-46D7-9C5B-38FF26E9E357}.Release|Any CPU.ActiveCfg = Release|Any CPU
		{45889379-449F-46D7-9C5B-38FF26E9E357}.Release|Any CPU.Build.0 = Release|Any CPU
	EndGlobalSection
	GlobalSection(SolutionProperties) = preSolution
		HideSolutionNode = FALSE
	EndGlobalSection
	GlobalSection(ExtensibilityGlobals) = postSolution
		SolutionGuid = {C0DD9CC2-77A1-4D9A-AB96-442E431B6416}
	EndGlobalSection
EndGlobal
